# THIS IS AN AUTOGENERATED FILE. DO NOT EDIT THIS FILE DIRECTLY.
# yarn lockfile v1


dutch-tax-income-calculator@^24.1.3:
  version "24.1.3"
  resolved "https://registry.yarnpkg.com/dutch-tax-income-calculator/-/dutch-tax-income-calculator-24.1.3.tgz#df639fd56fc96d53ee039789e377ccedfe5f1e50"
  integrity sha512-+HdOCnfPIGOK57hZBscQzkOhfczLjX/ob8hydv4rIbL5JrlDVJX2K3KqwMxwHBU1qmUGbiTSpHFz0cIGDtBZHg==
